PODS:
  - APNGImageSerialization (0.1.0)

DEPENDENCIES:
  - APNGImageSerialization (from `../`)

EXTERNAL SOURCES:
  APNGImageSerialization:
    :path: "../"

SPEC CHECKSUMS:
  APNGImageSerialization: 376166a7c685a7dc5babacc215d866913fa74c05

PODFILE CHECKSUM: f2003b26c4c269be6377564593a26adf993c8f5b

COCOAPODS: 1.1.1
