PODS:
  - APNGImageSerialization (0.2.3)

DEPENDENCIES:
  - APNGImageSerialization (from `../`)

EXTERNAL SOURCES:
  APNGImageSerialization:
    :path: "../"

SPEC CHECKSUMS:
  APNGImageSerialization: ac43a31ab06acfbf653ec89361eeb25f4494effe

PODFILE CHECKSUM: db77776627b2afb1f7561560c35464ec83509565

COCOAPODS: 1.11.0
